// !$*UTF8*$!
{
	archiveVersion = 1;
	classes = {
	};
	objectVersion = 56;
	objects = {

/* Begin PBXBuildFile section */
		20DEE01C2BE91DF700776480 /* AezFilterApp.swift in Sources */ = {isa = PBXBuildFile; fileRef = 20DEE01B2BE91DF700776480 /* AezFilterApp.swift */; };
		20DEE01E2BE91DF700776480 /* EditorImageView.swift in Sources */ = {isa = PBXBuildFile; fileRef = 20DEE01D2BE91DF700776480 /* EditorImageView.swift */; };
		20DEE0202BE91DF900776480 /* Assets.xcassets in Resources */ = {isa = PBXBuildFile; fileRef = 20DEE01F2BE91DF900776480 /* Assets.xcassets */; };
		20DEE0242BE91DF900776480 /* Preview Assets.xcassets in Resources */ = {isa = PBXBuildFile; fileRef = 20DEE0232BE91DF900776480 /* Preview Assets.xcassets */; };
		20DEE02B2BEA81BF00776480 /* PinchZoomView.swift in Sources */ = {isa = PBXBuildFile; fileRef = 20DEE02A2BEA81BF00776480 /* PinchZoomView.swift */; };
		20DEE0322BEC172B00776480 /* FilterExampleUI.swift in Sources */ = {isa = PBXBuildFile; fileRef = 20DEE0312BEC172B00776480 /* FilterExampleUI.swift */; };
/* End PBXBuildFile section */

/* Begin PBXFileReference section */
		20DEE0182BE91DF700776480 /* AezFilter.app */ = {isa = PBXFileReference; explicitFileType = wrapper.application; includeInIndex = 0; path = AezFilter.app; sourceTree = BUILT_PRODUCTS_DIR; };
		20DEE01B2BE91DF700776480 /* AezFilterApp.swift */ = {isa = PBXFileReference; lastKnownFileType = sourcecode.swift; path = AezFilterApp.swift; sourceTree = "<group>"; };
		20DEE01D2BE91DF700776480 /* EditorImageView.swift */ = {isa = PBXFileReference; lastKnownFileType = sourcecode.swift; path = EditorImageView.swift; sourceTree = "<group>"; };
		20DEE01F2BE91DF900776480 /* Assets.xcassets */ = {isa = PBXFileReference; lastKnownFileType = folder.assetcatalog; path = Assets.xcassets; sourceTree = "<group>"; };
		20DEE0212BE91DF900776480 /* AezFilter.entitlements */ = {isa = PBXFileReference; lastKnownFileType = text.plist.entitlements; path = AezFilter.entitlements; sourceTree = "<group>"; };
		20DEE0232BE91DF900776480 /* Preview Assets.xcassets */ = {isa = PBXFileReference; lastKnownFileType = folder.assetcatalog; path = "Preview Assets.xcassets"; sourceTree = "<group>"; };
		20DEE02A2BEA81BF00776480 /* PinchZoomView.swift */ = {isa = PBXFileReference; lastKnownFileType = sourcecode.swift; path = PinchZoomView.swift; sourceTree = "<group>"; };
		20DEE0312BEC172B00776480 /* FilterExampleUI.swift */ = {isa = PBXFileReference; lastKnownFileType = sourcecode.swift; path = FilterExampleUI.swift; sourceTree = "<group>"; };
/* End PBXFileReference section */

/* Begin PBXFrameworksBuildPhase section */
		20DEE0152BE91DF700776480 /* Frameworks */ = {
			isa = PBXFrameworksBuildPhase;
			buildActionMask = 2147483647;
			files = (
			);
			runOnlyForDeploymentPostprocessing = 0;
		};
/* End PBXFrameworksBuildPhase section */

/* Begin PBXGroup section */
		20DEE00F2BE91DF700776480 = {
			isa = PBXGroup;
			children = (
				20DEE01A2BE91DF700776480 /* AezFilter */,
				20DEE0192BE91DF700776480 /* Products */,
			);
			sourceTree = "<group>";
		};
		20DEE0192BE91DF700776480 /* Products */ = {
			isa = PBXGroup;
			children = (
				20DEE0182BE91DF700776480 /* AezFilter.app */,
			);
			name = Products;
			sourceTree = "<group>";
		};
		20DEE01A2BE91DF700776480 /* AezFilter */ = {
			isa = PBXGroup;
			children = (
				20DEE01B2BE91DF700776480 /* AezFilterApp.swift */,
				20DEE02D2BEC16D000776480 /* EditorImages */,
				20DEE02C2BEC019000776480 /* PinchToZoom */,
				20DEE01F2BE91DF900776480 /* Assets.xcassets */,
				20DEE0212BE91DF900776480 /* AezFilter.entitlements */,
				20DEE0222BE91DF900776480 /* Preview Content */,
			);
			path = AezFilter;
			sourceTree = "<group>";
		};
		20DEE0222BE91DF900776480 /* Preview Content */ = {
			isa = PBXGroup;
			children = (
				20DEE0232BE91DF900776480 /* Preview Assets.xcassets */,
			);
			path = "Preview Content";
			sourceTree = "<group>";
		};
		20DEE02C2BEC019000776480 /* PinchToZoom */ = {
			isa = PBXGroup;
			children = (
				20DEE02A2BEA81BF00776480 /* PinchZoomView.swift */,
			);
			path = PinchToZoom;
			sourceTree = "<group>";
		};
		20DEE02D2BEC16D000776480 /* EditorImages */ = {
			isa = PBXGroup;
			children = (
				20DEE01D2BE91DF700776480 /* EditorImageView.swift */,
				20DEE02E2BEC16EB00776480 /* EditorImageUI */,
			);
			path = EditorImages;
			sourceTree = "<group>";
		};
		20DEE02E2BEC16EB00776480 /* EditorImageUI */ = {
			isa = PBXGroup;
			children = (
				20DEE0312BEC172B00776480 /* FilterExampleUI.swift */,
			);
			path = EditorImageUI;
			sourceTree = "<group>";
		};
/* End PBXGroup section */

/* Begin PBXNativeTarget section */
		20DEE0172BE91DF700776480 /* AezFilter */ = {
			isa = PBXNativeTarget;
			buildConfigurationList = 20DEE0272BE91DF900776480 /* Build configuration list for PBXNativeTarget "AezFilter" */;
			buildPhases = (
				20DEE0142BE91DF700776480 /* Sources */,
				20DEE0152BE91DF700776480 /* Frameworks */,
				20DEE0162BE91DF700776480 /* Resources */,
			);
			buildRules = (
			);
			dependencies = (
			);
			name = AezFilter;
			productName = AezFilter;
			productReference = 20DEE0182BE91DF700776480 /* AezFilter.app */;
			productType = "com.apple.product-type.application";
		};
/* End PBXNativeTarget section */

/* Begin PBXProject section */
		20DEE0102BE91DF700776480 /* Project object */ = {
			isa = PBXProject;
			attributes = {
				BuildIndependentTargetsInParallel = 1;
				LastSwiftUpdateCheck = 1520;
				LastUpgradeCheck = 1520;
				TargetAttributes = {
					20DEE0172BE91DF700776480 = {
						CreatedOnToolsVersion = 15.2;
					};
				};
			};
			buildConfigurationList = 20DEE0132BE91DF700776480 /* Build configuration list for PBXProject "AezFilter" */;
			compatibilityVersion = "Xcode 14.0";
			developmentRegion = en;
			hasScannedForEncodings = 0;
			knownRegions = (
				en,
				Base,
			);
			mainGroup = 20DEE00F2BE91DF700776480;
			productRefGroup = 20DEE0192BE91DF700776480 /* Products */;
			projectDirPath = "";
			projectRoot = "";
			targets = (
				20DEE0172BE91DF700776480 /* AezFilter */,
			);
		};
/* End PBXProject section */

/* Begin PBXResourcesBuildPhase section */
		20DEE0162BE91DF700776480 /* Resources */ = {
			isa = PBXResourcesBuildPhase;
			buildActionMask = 2147483647;
			files = (
				20DEE0242BE91DF900776480 /* Preview Assets.xcassets in Resources */,
				20DEE0202BE91DF900776480 /* Assets.xcassets in Resources */,
			);
			runOnlyForDeploymentPostprocessing = 0;
		};
/* End PBXResourcesBuildPhase section */

/* Begin PBXSourcesBuildPhase section */
		20DEE0142BE91DF700776480 /* Sources */ = {
			isa = PBXSourcesBuildPhase;
			buildActionMask = 2147483647;
			files = (
				20DEE0322BEC172B00776480 /* FilterExampleUI.swift in Sources */,
				20DEE02B2BEA81BF00776480 /* PinchZoomView.swift in Sources */,
				20DEE01E2BE91DF700776480 /* EditorImageView.swift in Sources */,
				20DEE01C2BE91DF700776480 /* AezFilterApp.swift in Sources */,
			);
			runOnlyForDeploymentPostprocessing = 0;
		};
/* End PBXSourcesBuildPhase section */

/* Begin XCBuildConfiguration section */
		20DEE0252BE91DF900776480 /* Debug */ = {
			isa = XCBuildConfiguration;
			buildSettings = {
				ALWAYS_SEARCH_USER_PATHS = NO;
				ASSETCATALOG_COMPILER_GENERATE_SWIFT_ASSET_SYMBOL_EXTENSIONS = YES;
				CLANG_ANALYZER_NONNULL = YES;
				CLANG_ANALYZER_NUMBER_OBJECT_CONVERSION = YES_AGGRESSIVE;
				CLANG_CXX_LANGUAGE_STANDARD = "gnu++20";
				CLANG_ENABLE_MODULES = YES;
				CLANG_ENABLE_OBJC_ARC = YES;
				CLANG_ENABLE_OBJC_WEAK = YES;
				CLANG_WARN_BLOCK_CAPTURE_AUTORELEASING = YES;
				CLANG_WARN_BOOL_CONVERSION = YES;
				CLANG_WARN_COMMA = YES;
				CLANG_WARN_CONSTANT_CONVERSION = YES;
				CLANG_WARN_DEPRECATED_OBJC_IMPLEMENTATIONS = YES;
				CLANG_WARN_DIRECT_OBJC_ISA_USAGE = YES_ERROR;
				CLANG_WARN_DOCUMENTATION_COMMENTS = YES;
				CLANG_WARN_EMPTY_BODY = YES;
				CLANG_WARN_ENUM_CONVERSION = YES;
				CLANG_WARN_INFINITE_RECURSION = YES;
				CLANG_WARN_INT_CONVERSION = YES;
				CLANG_WARN_NON_LITERAL_NULL_CONVERSION = YES;
				CLANG_WARN_OBJC_IMPLICIT_RETAIN_SELF = YES;
				CLANG_WARN_OBJC_LITERAL_CONVERSION = YES;
				CLANG_WARN_OBJC_ROOT_CLASS = YES_ERROR;
				CLANG_WARN_QUOTED_INCLUDE_IN_FRAMEWORK_HEADER = YES;
				CLANG_WARN_RANGE_LOOP_ANALYSIS = YES;
				CLANG_WARN_STRICT_PROTOTYPES = YES;
				CLANG_WARN_SUSPICIOUS_MOVE = YES;
				CLANG_WARN_UNGUARDED_AVAILABILITY = YES_AGGRESSIVE;
				CLANG_WARN_UNREACHABLE_CODE = YES;
				CLANG_WARN__DUPLICATE_METHOD_MATCH = YES;
				COPY_PHASE_STRIP = NO;
				DEBUG_INFORMATION_FORMAT = dwarf;
				ENABLE_STRICT_OBJC_MSGSEND = YES;
				ENABLE_TESTABILITY = YES;
				ENABLE_USER_SCRIPT_SANDBOXING = YES;
				GCC_C_LANGUAGE_STANDARD = gnu17;
				GCC_DYNAMIC_NO_PIC = NO;
				GCC_NO_COMMON_BLOCKS = YES;
				GCC_OPTIMIZATION_LEVEL = 0;
				GCC_PREPROCESSOR_DEFINITIONS = (
					"DEBUG=1",
					"$(inherited)",
				);
				GCC_WARN_64_TO_32_BIT_CONVERSION = YES;
				GCC_WARN_ABOUT_RETURN_TYPE = YES_ERROR;
				GCC_WARN_UNDECLARED_SELECTOR = YES;
				GCC_WARN_UNINITIALIZED_AUTOS = YES_AGGRESSIVE;
				GCC_WARN_UNUSED_FUNCTION = YES;
				GCC_WARN_UNUSED_VARIABLE = YES;
				LOCALIZATION_PREFERS_STRING_CATALOGS = YES;
				MTL_ENABLE_DEBUG_INFO = INCLUDE_SOURCE;
				MTL_FAST_MATH = YES;
				ONLY_ACTIVE_ARCH = YES;
				SWIFT_ACTIVE_COMPILATION_CONDITIONS = "DEBUG $(inherited)";
				SWIFT_OPTIMIZATION_LEVEL = "-Onone";
			};
			name = Debug;
		};
		20DEE0262BE91DF900776480 /* Release */ = {
			isa = XCBuildConfiguration;
			buildSettings = {
				ALWAYS_SEARCH_USER_PATHS = NO;
				ASSETCATALOG_COMPILER_GENERATE_SWIFT_ASSET_SYMBOL_EXTENSIONS = YES;
				CLANG_ANALYZER_NONNULL = YES;
				CLANG_ANALYZER_NUMBER_OBJECT_CONVERSION = YES_AGGRESSIVE;
				CLANG_CXX_LANGUAGE_STANDARD = "gnu++20";
				CLANG_ENABLE_MODULES = YES;
				CLANG_ENABLE_OBJC_ARC = YES;
				CLANG_ENABLE_OBJC_WEAK = YES;
				CLANG_WARN_BLOCK_CAPTURE_AUTORELEASING = YES;
				CLANG_WARN_BOOL_CONVERSION = YES;
				CLANG_WARN_COMMA = YES;
				CLANG_WARN_CONSTANT_CONVERSION = YES;
				CLANG_WARN_DEPRECATED_OBJC_IMPLEMENTATIONS = YES;
				CLANG_WARN_DIRECT_OBJC_ISA_USAGE = YES_ERROR;
				CLANG_WARN_DOCUMENTATION_COMMENTS = YES;
				CLANG_WARN_EMPTY_BODY = YES;
				CLANG_WARN_ENUM_CONVERSION = YES;
				CLANG_WARN_INFINITE_RECURSION = YES;
				CLANG_WARN_INT_CONVERSION = YES;
				CLANG_WARN_NON_LITERAL_NULL_CONVERSION = YES;
				CLANG_WARN_OBJC_IMPLICIT_RETAIN_SELF = YES;
				CLANG_WARN_OBJC_LITERAL_CONVERSION = YES;
				CLANG_WARN_OBJC_ROOT_CLASS = YES_ERROR;
				CLANG_WARN_QUOTED_INCLUDE_IN_FRAMEWORK_HEADER = YES;
				CLANG_WARN_RANGE_LOOP_ANALYSIS = YES;
				CLANG_WARN_STRICT_PROTOTYPES = YES;
				CLANG_WARN_SUSPICIOUS_MOVE = YES;
				CLANG_WARN_UNGUARDED_AVAILABILITY = YES_AGGRESSIVE;
				CLANG_WARN_UNREACHABLE_CODE = YES;
				CLANG_WARN__DUPLICATE_METHOD_MATCH = YES;
				COPY_PHASE_STRIP = NO;
				DEBUG_INFORMATION_FORMAT = "dwarf-with-dsym";
				ENABLE_NS_ASSERTIONS = NO;
				ENABLE_STRICT_OBJC_MSGSEND = YES;
				ENABLE_USER_SCRIPT_SANDBOXING = YES;
				GCC_C_LANGUAGE_STANDARD = gnu17;
				GCC_NO_COMMON_BLOCKS = YES;
				GCC_WARN_64_TO_32_BIT_CONVERSION = YES;
				GCC_WARN_ABOUT_RETURN_TYPE = YES_ERROR;
				GCC_WARN_UNDECLARED_SELECTOR = YES;
				GCC_WARN_UNINITIALIZED_AUTOS = YES_AGGRESSIVE;
				GCC_WARN_UNUSED_FUNCTION = YES;
				GCC_WARN_UNUSED_VARIABLE = YES;
				LOCALIZATION_PREFERS_STRING_CATALOGS = YES;
				MTL_ENABLE_DEBUG_INFO = NO;
				MTL_FAST_MATH = YES;
				SWIFT_COMPILATION_MODE = wholemodule;
			};
			name = Release;
		};
		20DEE0282BE91DF900776480 /* Debug */ = {
			isa = XCBuildConfiguration;
			buildSettings = {
				ASSETCATALOG_COMPILER_APPICON_NAME = AppIcon;
				ASSETCATALOG_COMPILER_GLOBAL_ACCENT_COLOR_NAME = AccentColor;
				CODE_SIGN_ENTITLEMENTS = AezFilter/AezFilter.entitlements;
				CODE_SIGN_STYLE = Automatic;
				CURRENT_PROJECT_VERSION = 1;
				DEVELOPMENT_ASSET_PATHS = "\"AezFilter/Preview Content\"";
				DEVELOPMENT_TEAM = 8Q8855SSVY;
				ENABLE_HARDENED_RUNTIME = YES;
				ENABLE_PREVIEWS = YES;
				GENERATE_INFOPLIST_FILE = YES;
				"INFOPLIST_KEY_UIApplicationSceneManifest_Generation[sdk=iphoneos*]" = YES;
				"INFOPLIST_KEY_UIApplicationSceneManifest_Generation[sdk=iphonesimulator*]" = YES;
				"INFOPLIST_KEY_UIApplicationSupportsIndirectInputEvents[sdk=iphoneos*]" = YES;
				"INFOPLIST_KEY_UIApplicationSupportsIndirectInputEvents[sdk=iphonesimulator*]" = YES;
				"INFOPLIST_KEY_UILaunchScreen_Generation[sdk=iphoneos*]" = YES;
				"INFOPLIST_KEY_UILaunchScreen_Generation[sdk=iphonesimulator*]" = YES;
				"INFOPLIST_KEY_UIStatusBarStyle[sdk=iphoneos*]" = UIStatusBarStyleDefault;
				"INFOPLIST_KEY_UIStatusBarStyle[sdk=iphonesimulator*]" = UIStatusBarStyleDefault;
				INFOPLIST_KEY_UISupportedInterfaceOrientations_iPad = "UIInterfaceOrientationPortrait UIInterfaceOrientationPortraitUpsideDown UIInterfaceOrientationLandscapeLeft UIInterfaceOrientationLandscapeRight";
				INFOPLIST_KEY_UISupportedInterfaceOrientations_iPhone = "UIInterfaceOrientationPortrait UIInterfaceOrientationLandscapeLeft UIInterfaceOrientationLandscapeRight";
				IPHONEOS_DEPLOYMENT_TARGET = 17.2;
				LD_RUNPATH_SEARCH_PATHS = "@executable_path/Frameworks";
				"LD_RUNPATH_SEARCH_PATHS[sdk=macosx*]" = "@executable_path/../Frameworks";
				MACOSX_DEPLOYMENT_TARGET = 13.6;
				MARKETING_VERSION = 1.0;
				PRODUCT_BUNDLE_IDENTIFIER = ikurlovich.AezFilter;
				PRODUCT_NAME = "$(TARGET_NAME)";
				SDKROOT = auto;
				SUPPORTED_PLATFORMS = "iphoneos iphonesimulator macosx";
				SWIFT_EMIT_LOC_STRINGS = YES;
				SWIFT_VERSION = 5.0;
				TARGETED_DEVICE_FAMILY = "1,2";
			};
			name = Debug;
		};
		20DEE0292BE91DF900776480 /* Release */ = {
			isa = XCBuildConfiguration;
			buildSettings = {
				ASSETCATALOG_COMPILER_APPICON_NAME = AppIcon;
				ASSETCATALOG_COMPILER_GLOBAL_ACCENT_COLOR_NAME = AccentColor;
				CODE_SIGN_ENTITLEMENTS = AezFilter/AezFilter.entitlements;
				CODE_SIGN_STYLE = Automatic;
				CURRENT_PROJECT_VERSION = 1;
				DEVELOPMENT_ASSET_PATHS = "\"AezFilter/Preview Content\"";
				DEVELOPMENT_TEAM = 8Q8855SSVY;
				ENABLE_HARDENED_RUNTIME = YES;
				ENABLE_PREVIEWS = YES;
				GENERATE_INFOPLIST_FILE = YES;
				"INFOPLIST_KEY_UIApplicationSceneManifest_Generation[sdk=iphoneos*]" = YES;
				"INFOPLIST_KEY_UIApplicationSceneManifest_Generation[sdk=iphonesimulator*]" = YES;
				"INFOPLIST_KEY_UIApplicationSupportsIndirectInputEvents[sdk=iphoneos*]" = YES;
				"INFOPLIST_KEY_UIApplicationSupportsIndirectInputEvents[sdk=iphonesimulator*]" = YES;
				"INFOPLIST_KEY_UILaunchScreen_Generation[sdk=iphoneos*]" = YES;
				"INFOPLIST_KEY_UILaunchScreen_Generation[sdk=iphonesimulator*]" = YES;
				"INFOPLIST_KEY_UIStatusBarStyle[sdk=iphoneos*]" = UIStatusBarStyleDefault;
				"INFOPLIST_KEY_UIStatusBarStyle[sdk=iphonesimulator*]" = UIStatusBarStyleDefault;
				INFOPLIST_KEY_UISupportedInterfaceOrientations_iPad = "UIInterfaceOrientationPortrait UIInterfaceOrientationPortraitUpsideDown UIInterfaceOrientationLandscapeLeft UIInterfaceOrientationLandscapeRight";
				INFOPLIST_KEY_UISupportedInterfaceOrientations_iPhone = "UIInterfaceOrientationPortrait UIInterfaceOrientationLandscapeLeft UIInterfaceOrientationLandscapeRight";
				IPHONEOS_DEPLOYMENT_TARGET = 17.2;
				LD_RUNPATH_SEARCH_PATHS = "@executable_path/Frameworks";
				"LD_RUNPATH_SEARCH_PATHS[sdk=macosx*]" = "@executable_path/../Frameworks";
				MACOSX_DEPLOYMENT_TARGET = 13.6;
				MARKETING_VERSION = 1.0;
				PRODUCT_BUNDLE_IDENTIFIER = ikurlovich.AezFilter;
				PRODUCT_NAME = "$(TARGET_NAME)";
				SDKROOT = auto;
				SUPPORTED_PLATFORMS = "iphoneos iphonesimulator macosx";
				SWIFT_EMIT_LOC_STRINGS = YES;
				SWIFT_VERSION = 5.0;
				TARGETED_DEVICE_FAMILY = "1,2";
			};
			name = Release;
		};
/* End XCBuildConfiguration section */

/* Begin XCConfigurationList section */
		20DEE0132BE91DF700776480 /* Build configuration list for PBXProject "AezFilter" */ = {
			isa = XCConfigurationList;
			buildConfigurations = (
				20DEE0252BE91DF900776480 /* Debug */,
				20DEE0262BE91DF900776480 /* Release */,
			);
			defaultConfigurationIsVisible = 0;
			defaultConfigurationName = Release;
		};
		20DEE0272BE91DF900776480 /* Build configuration list for PBXNativeTarget "AezFilter" */ = {
			isa = XCConfigurationList;
			buildConfigurations = (
				20DEE0282BE91DF900776480 /* Debug */,
				20DEE0292BE91DF900776480 /* Release */,
			);
			defaultConfigurationIsVisible = 0;
			defaultConfigurationName = Release;
		};
/* End XCConfigurationList section */
	};
	rootObject = 20DEE0102BE91DF700776480 /* Project object */;
}
